
Microsoft Visual Studio Solution File, Format Version 12.00
# Visual Studio Version 16
VisualStudioVersion = 16.0.30406.217
MinimumVisualStudioVersion = 10.0.40219.1
Project("{9A19103F-16F7-4668-BE54-9A1E7A4F7556}") = "HackerNews", "HackerNews\HackerNews.csproj", "{02E4AD66-35E5-4EBF-8470-56CDA1AAA53A}"
EndProject
Project("{FAE04EC0-301F-11D3-BF4B-00C04F79EFBC}") = "HackerNews_UnitTests", "HackerNews_UnitTests\HackerNews_UnitTests.csproj", "{BCEB7675-BEAA-41C9-BD48-4C74A19CD32C}"
EndProject
Global
	GlobalSection(SolutionConfigurationPlatforms) = preSolution
		Debug|Any CPU = Debug|Any CPU
		Release|Any CPU = Release|Any CPU
	EndGlobalSection
	GlobalSection(ProjectConfigurationPlatforms) = postSolution
		{02E4AD66-35E5-4EBF-8470-56CDA1AAA53A}.Debug|Any CPU.ActiveCfg = Debug|Any CPU
		{02E4AD66-35E5-4EBF-8470-56CDA1AAA53A}.Debug|Any CPU.Build.0 = Debug|Any CPU
		{02E4AD66-35E5-4EBF-8470-56CDA1AAA53A}.Release|Any CPU.ActiveCfg = Release|Any CPU
		{02E4AD66-35E5-4EBF-8470-56CDA1AAA53A}.Release|Any CPU.Build.0 = Release|Any CPU
		{BCEB7675-BEAA-41C9-BD48-4C74A19CD32C}.Debug|Any CPU.ActiveCfg = Debug|Any CPU
		{BCEB7675-BEAA-41C9-BD48-4C74A19CD32C}.Debug|Any CPU.Build.0 = Debug|Any CPU
		{BCEB7675-BEAA-41C9-BD48-4C74A19CD32C}.Release|Any CPU.ActiveCfg = Release|Any CPU
		{BCEB7675-BEAA-41C9-BD48-4C74A19CD32C}.Release|Any CPU.Build.0 = Release|Any CPU
	EndGlobalSection
	GlobalSection(SolutionProperties) = preSolution
		HideSolutionNode = FALSE
	EndGlobalSection
	GlobalSection(ExtensibilityGlobals) = postSolution
		SolutionGuid = {FC6DEE1A-1289-46BF-A891-23E952A6251B}
	EndGlobalSection
EndGlobal
